
Microsoft Visual Studio Solution File, Format Version 12.00
# Visual Studio Version 17
VisualStudioVersion = 17.9.34728.123
MinimumVisualStudioVersion = 10.0.40219.1
Project("{9A19103F-16F7-4668-BE54-9A1E7A4F7556}") = "Task1", "Task1\Task1.csproj", "{8971E751-C256-4A18-BB61-3B392EA073AB}"
EndProject
Project("{9A19103F-16F7-4668-BE54-9A1E7A4F7556}") = "Task2", "Task2\Task2.csproj", "{F4908DB8-8BF7-4162-BD62-DD01344B6A7B}"
EndProject
Project("{9A19103F-16F7-4668-BE54-9A1E7A4F7556}") = "Task3", "Task3\Task3.csproj", "{75B6408F-B58B-473F-8387-9B5782B2C832}"
EndProject
Project("{9A19103F-16F7-4668-BE54-9A1E7A4F7556}") = "Task4", "Task4\Task4.csproj", "{FEE4BA7D-C08D-48AA-A42E-5711A83B42FD}"
EndProject
Project("{9A19103F-16F7-4668-BE54-9A1E7A4F7556}") = "Task5", "Task5\Task5.csproj", "{B13F1A0E-1881-450B-B5F4-FD2C7AFD00F3}"
EndProject
Project("{9A19103F-16F7-4668-BE54-9A1E7A4F7556}") = "Task6", "Task6\Task6.csproj", "{B7B225C5-C87E-4C81-A56B-D3199DA70FF2}"
EndProject
Project("{9A19103F-16F7-4668-BE54-9A1E7A4F7556}") = "Task18", "Task18\Task18.csproj", "{6F4AE6CF-2926-464F-85A5-06400604EAE8}"
EndProject
Project("{9A19103F-16F7-4668-BE54-9A1E7A4F7556}") = "Task16", "Task16\Task16.csproj", "{5564A924-D9CD-4723-903A-0A0DA5DD48DA}"
EndProject
Project("{9A19103F-16F7-4668-BE54-9A1E7A4F7556}") = "Task8", "Task8\Task8.csproj", "{5CA7C043-8F4E-4EA4-B7DF-FE74E94F33B3}"
EndProject
Project("{9A19103F-16F7-4668-BE54-9A1E7A4F7556}") = "Task9", "Task9\Task9.csproj", "{842A1117-A02C-4204-B9AF-C72194621571}"
EndProject
Project("{9A19103F-16F7-4668-BE54-9A1E7A4F7556}") = "Task15", "Task15\Task15.csproj", "{EA9F60C9-F950-4D1D-8863-F69F64B95588}"
EndProject
Project("{9A19103F-16F7-4668-BE54-9A1E7A4F7556}") = "Task10", "Task10\Task10.csproj", "{EA6359EB-B800-43EA-8831-0CEB7815E01B}"
EndProject
Project("{9A19103F-16F7-4668-BE54-9A1E7A4F7556}") = "Task19", "Task19\Task19.csproj", "{DCA17F38-CDF0-4E34-83F8-2E32B23D00B3}"
EndProject
Project("{9A19103F-16F7-4668-BE54-9A1E7A4F7556}") = "Task20", "Task20\Task20.csproj", "{E8D30350-7BA9-4BB0-BF0E-521FB2AACEAF}"
EndProject
Project("{9A19103F-16F7-4668-BE54-9A1E7A4F7556}") = "Task17", "Task17\Task17.csproj", "{90C999B4-A2CB-49FD-A48C-87A09A2E20AA}"
EndProject
Project("{9A19103F-16F7-4668-BE54-9A1E7A4F7556}") = "Task7", "Task7\Task7.csproj", "{B417149A-29D5-4F6A-A1A8-7CED2A226D70}"
EndProject
Project("{FAE04EC0-301F-11D3-BF4B-00C04F79EFBC}") = "Task11", "Task11\Task11.csproj", "{DABA83C3-58F0-4B94-90EF-563FE35F0163}"
EndProject
Project("{FAE04EC0-301F-11D3-BF4B-00C04F79EFBC}") = "Task12", "Task12\Task12.csproj", "{DEEB5873-BD67-41CF-ADA7-7932D0F35154}"
EndProject
Project("{FAE04EC0-301F-11D3-BF4B-00C04F79EFBC}") = "Task13", "Task13\Task13.csproj", "{094BFE67-C879-4AA3-B10A-665E470D59E7}"
EndProject
Project("{FAE04EC0-301F-11D3-BF4B-00C04F79EFBC}") = "Task14", "Task14\Task14.csproj", "{B88AA284-67CE-45A0-B63D-B3E741940D6F}"
EndProject
Global
	GlobalSection(SolutionConfigurationPlatforms) = preSolution
		Debug|Any CPU = Debug|Any CPU
		Release|Any CPU = Release|Any CPU
	EndGlobalSection
	GlobalSection(ProjectConfigurationPlatforms) = postSolution
		{8971E751-C256-4A18-BB61-3B392EA073AB}.Debug|Any CPU.ActiveCfg = Debug|Any CPU
		{8971E751-C256-4A18-BB61-3B392EA073AB}.Debug|Any CPU.Build.0 = Debug|Any CPU
		{8971E751-C256-4A18-BB61-3B392EA073AB}.Release|Any CPU.ActiveCfg = Release|Any CPU
		{8971E751-C256-4A18-BB61-3B392EA073AB}.Release|Any CPU.Build.0 = Release|Any CPU
		{F4908DB8-8BF7-4162-BD62-DD01344B6A7B}.Debug|Any CPU.ActiveCfg = Debug|Any CPU
		{F4908DB8-8BF7-4162-BD62-DD01344B6A7B}.Debug|Any CPU.Build.0 = Debug|Any CPU
		{F4908DB8-8BF7-4162-BD62-DD01344B6A7B}.Release|Any CPU.ActiveCfg = Release|Any CPU
		{F4908DB8-8BF7-4162-BD62-DD01344B6A7B}.Release|Any CPU.Build.0 = Release|Any CPU
		{75B6408F-B58B-473F-8387-9B5782B2C832}.Debug|Any CPU.ActiveCfg = Debug|Any CPU
		{75B6408F-B58B-473F-8387-9B5782B2C832}.Debug|Any CPU.Build.0 = Debug|Any CPU
		{75B6408F-B58B-473F-8387-9B5782B2C832}.Release|Any CPU.ActiveCfg = Release|Any CPU
		{75B6408F-B58B-473F-8387-9B5782B2C832}.Release|Any CPU.Build.0 = Release|Any CPU
		{FEE4BA7D-C08D-48AA-A42E-5711A83B42FD}.Debug|Any CPU.ActiveCfg = Debug|Any CPU
		{FEE4BA7D-C08D-48AA-A42E-5711A83B42FD}.Debug|Any CPU.Build.0 = Debug|Any CPU
		{FEE4BA7D-C08D-48AA-A42E-5711A83B42FD}.Release|Any CPU.ActiveCfg = Release|Any CPU
		{FEE4BA7D-C08D-48AA-A42E-5711A83B42FD}.Release|Any CPU.Build.0 = Release|Any CPU
		{B13F1A0E-1881-450B-B5F4-FD2C7AFD00F3}.Debug|Any CPU.ActiveCfg = Debug|Any CPU
		{B13F1A0E-1881-450B-B5F4-FD2C7AFD00F3}.Debug|Any CPU.Build.0 = Debug|Any CPU
		{B13F1A0E-1881-450B-B5F4-FD2C7AFD00F3}.Release|Any CPU.ActiveCfg = Release|Any CPU
		{B13F1A0E-1881-450B-B5F4-FD2C7AFD00F3}.Release|Any CPU.Build.0 = Release|Any CPU
		{B7B225C5-C87E-4C81-A56B-D3199DA70FF2}.Debug|Any CPU.ActiveCfg = Debug|Any CPU
		{B7B225C5-C87E-4C81-A56B-D3199DA70FF2}.Debug|Any CPU.Build.0 = Debug|Any CPU
		{B7B225C5-C87E-4C81-A56B-D3199DA70FF2}.Release|Any CPU.ActiveCfg = Release|Any CPU
		{B7B225C5-C87E-4C81-A56B-D3199DA70FF2}.Release|Any CPU.Build.0 = Release|Any CPU
		{6F4AE6CF-2926-464F-85A5-06400604EAE8}.Debug|Any CPU.ActiveCfg = Debug|Any CPU
		{6F4AE6CF-2926-464F-85A5-06400604EAE8}.Debug|Any CPU.Build.0 = Debug|Any CPU
		{6F4AE6CF-2926-464F-85A5-06400604EAE8}.Release|Any CPU.ActiveCfg = Release|Any CPU
		{6F4AE6CF-2926-464F-85A5-06400604EAE8}.Release|Any CPU.Build.0 = Release|Any CPU
		{5564A924-D9CD-4723-903A-0A0DA5DD48DA}.Debug|Any CPU.ActiveCfg = Debug|Any CPU
		{5564A924-D9CD-4723-903A-0A0DA5DD48DA}.Debug|Any CPU.Build.0 = Debug|Any CPU
		{5564A924-D9CD-4723-903A-0A0DA5DD48DA}.Release|Any CPU.ActiveCfg = Release|Any CPU
		{5564A924-D9CD-4723-903A-0A0DA5DD48DA}.Release|Any CPU.Build.0 = Release|Any CPU
		{5CA7C043-8F4E-4EA4-B7DF-FE74E94F33B3}.Debug|Any CPU.ActiveCfg = Debug|Any CPU
		{5CA7C043-8F4E-4EA4-B7DF-FE74E94F33B3}.Debug|Any CPU.Build.0 = Debug|Any CPU
		{5CA7C043-8F4E-4EA4-B7DF-FE74E94F33B3}.Release|Any CPU.ActiveCfg = Release|Any CPU
		{5CA7C043-8F4E-4EA4-B7DF-FE74E94F33B3}.Release|Any CPU.Build.0 = Release|Any CPU
		{842A1117-A02C-4204-B9AF-C72194621571}.Debug|Any CPU.ActiveCfg = Debug|Any CPU
		{842A1117-A02C-4204-B9AF-C72194621571}.Debug|Any CPU.Build.0 = Debug|Any CPU
		{842A1117-A02C-4204-B9AF-C72194621571}.Release|Any CPU.ActiveCfg = Release|Any CPU
		{842A1117-A02C-4204-B9AF-C72194621571}.Release|Any CPU.Build.0 = Release|Any CPU
		{EA9F60C9-F950-4D1D-8863-F69F64B95588}.Debug|Any CPU.ActiveCfg = Debug|Any CPU
		{EA9F60C9-F950-4D1D-8863-F69F64B95588}.Debug|Any CPU.Build.0 = Debug|Any CPU
		{EA9F60C9-F950-4D1D-8863-F69F64B95588}.Release|Any CPU.ActiveCfg = Release|Any CPU
		{EA9F60C9-F950-4D1D-8863-F69F64B95588}.Release|Any CPU.Build.0 = Release|Any CPU
		{EA6359EB-B800-43EA-8831-0CEB7815E01B}.Debug|Any CPU.ActiveCfg = Debug|Any CPU
		{EA6359EB-B800-43EA-8831-0CEB7815E01B}.Debug|Any CPU.Build.0 = Debug|Any CPU
		{EA6359EB-B800-43EA-8831-0CEB7815E01B}.Release|Any CPU.ActiveCfg = Release|Any CPU
		{EA6359EB-B800-43EA-8831-0CEB7815E01B}.Release|Any CPU.Build.0 = Release|Any CPU
		{DCA17F38-CDF0-4E34-83F8-2E32B23D00B3}.Debug|Any CPU.ActiveCfg = Debug|Any CPU
		{DCA17F38-CDF0-4E34-83F8-2E32B23D00B3}.Debug|Any CPU.Build.0 = Debug|Any CPU
		{DCA17F38-CDF0-4E34-83F8-2E32B23D00B3}.Release|Any CPU.ActiveCfg = Release|Any CPU
		{DCA17F38-CDF0-4E34-83F8-2E32B23D00B3}.Release|Any CPU.Build.0 = Release|Any CPU
		{E8D30350-7BA9-4BB0-BF0E-521FB2AACEAF}.Debug|Any CPU.ActiveCfg = Debug|Any CPU
		{E8D30350-7BA9-4BB0-BF0E-521FB2AACEAF}.Debug|Any CPU.Build.0 = Debug|Any CPU
		{E8D30350-7BA9-4BB0-BF0E-521FB2AACEAF}.Release|Any CPU.ActiveCfg = Release|Any CPU
		{E8D30350-7BA9-4BB0-BF0E-521FB2AACEAF}.Release|Any CPU.Build.0 = Release|Any CPU
		{90C999B4-A2CB-49FD-A48C-87A09A2E20AA}.Debug|Any CPU.ActiveCfg = Debug|Any CPU
		{90C999B4-A2CB-49FD-A48C-87A09A2E20AA}.Debug|Any CPU.Build.0 = Debug|Any CPU
		{90C999B4-A2CB-49FD-A48C-87A09A2E20AA}.Release|Any CPU.ActiveCfg = Release|Any CPU
		{90C999B4-A2CB-49FD-A48C-87A09A2E20AA}.Release|Any CPU.Build.0 = Release|Any CPU
		{B417149A-29D5-4F6A-A1A8-7CED2A226D70}.Debug|Any CPU.ActiveCfg = Debug|Any CPU
		{B417149A-29D5-4F6A-A1A8-7CED2A226D70}.Debug|Any CPU.Build.0 = Debug|Any CPU
		{B417149A-29D5-4F6A-A1A8-7CED2A226D70}.Release|Any CPU.ActiveCfg = Release|Any CPU
		{B417149A-29D5-4F6A-A1A8-7CED2A226D70}.Release|Any CPU.Build.0 = Release|Any CPU
		{DABA83C3-58F0-4B94-90EF-563FE35F0163}.Debug|Any CPU.ActiveCfg = Debug|Any CPU
		{DABA83C3-58F0-4B94-90EF-563FE35F0163}.Debug|Any CPU.Build.0 = Debug|Any CPU
		{DABA83C3-58F0-4B94-90EF-563FE35F0163}.Release|Any CPU.ActiveCfg = Release|Any CPU
		{DABA83C3-58F0-4B94-90EF-563FE35F0163}.Release|Any CPU.Build.0 = Release|Any CPU
		{DEEB5873-BD67-41CF-ADA7-7932D0F35154}.Debug|Any CPU.ActiveCfg = Debug|Any CPU
		{DEEB5873-BD67-41CF-ADA7-7932D0F35154}.Debug|Any CPU.Build.0 = Debug|Any CPU
		{DEEB5873-BD67-41CF-ADA7-7932D0F35154}.Release|Any CPU.ActiveCfg = Release|Any CPU
		{DEEB5873-BD67-41CF-ADA7-7932D0F35154}.Release|Any CPU.Build.0 = Release|Any CPU
		{094BFE67-C879-4AA3-B10A-665E470D59E7}.Debug|Any CPU.ActiveCfg = Debug|Any CPU
		{094BFE67-C879-4AA3-B10A-665E470D59E7}.Debug|Any CPU.Build.0 = Debug|Any CPU
		{094BFE67-C879-4AA3-B10A-665E470D59E7}.Release|Any CPU.ActiveCfg = Release|Any CPU
		{094BFE67-C879-4AA3-B10A-665E470D59E7}.Release|Any CPU.Build.0 = Release|Any CPU
		{B88AA284-67CE-45A0-B63D-B3E741940D6F}.Debug|Any CPU.ActiveCfg = Debug|Any CPU
		{B88AA284-67CE-45A0-B63D-B3E741940D6F}.Debug|Any CPU.Build.0 = Debug|Any CPU
		{B88AA284-67CE-45A0-B63D-B3E741940D6F}.Release|Any CPU.ActiveCfg = Release|Any CPU
		{B88AA284-67CE-45A0-B63D-B3E741940D6F}.Release|Any CPU.Build.0 = Release|Any CPU
	EndGlobalSection
	GlobalSection(SolutionProperties) = preSolution
		HideSolutionNode = FALSE
	EndGlobalSection
	GlobalSection(ExtensibilityGlobals) = postSolution
		SolutionGuid = {DA675B59-6834-44F1-9EED-E2245A1A8BE0}
	EndGlobalSection
EndGlobal
